Microsoft Visual Studio Solution File, Format Version 11.00
# Visual Studio 2008

Project("{CA737FDB-4FBE-D18A-28D5-B2AA74B3F548}") = "2D Platformer 4", "Assembly-CSharp-firstpass-vs.csproj", "{B43A0D03-A096-71CB-323B-D97FDD22D7FD}"
EndProject
Project("{CA737FDB-4FBE-D18A-28D5-B2AA74B3F548}") = "2D Platformer 4", "Assembly-CSharp-vs.csproj", "{2EB5CF66-9D8A-1DED-D815-13A774617B64}"
EndProject
Project("{CA737FDB-4FBE-D18A-28D5-B2AA74B3F548}") = "2D Platformer 4", "Assembly-CSharp-Editor-vs.csproj", "{EE2C69CE-F875-8BC9-6AFA-411B632E3E9A}"
EndProject
Global
	GlobalSection(SolutionConfigurationPlatforms) = preSolution
		Debug|Any CPU = Debug|Any CPU
		Release|Any CPU = Release|Any CPU
	EndGlobalSection
	GlobalSection(ProjectConfigurationPlatforms) = postSolution
		{B43A0D03-A096-71CB-323B-D97FDD22D7FD}.Debug|Any CPU.ActiveCfg = Debug|Any CPU
		{B43A0D03-A096-71CB-323B-D97FDD22D7FD}.Debug|Any CPU.Build.0 = Debug|Any CPU
		{B43A0D03-A096-71CB-323B-D97FDD22D7FD}.Release|Any CPU.ActiveCfg = Release|Any CPU
		{B43A0D03-A096-71CB-323B-D97FDD22D7FD}.Release|Any CPU.Build.0 = Release|Any CPU
		{2EB5CF66-9D8A-1DED-D815-13A774617B64}.Debug|Any CPU.ActiveCfg = Debug|Any CPU
		{2EB5CF66-9D8A-1DED-D815-13A774617B64}.Debug|Any CPU.Build.0 = Debug|Any CPU
		{2EB5CF66-9D8A-1DED-D815-13A774617B64}.Release|Any CPU.ActiveCfg = Release|Any CPU
		{2EB5CF66-9D8A-1DED-D815-13A774617B64}.Release|Any CPU.Build.0 = Release|Any CPU
		{EE2C69CE-F875-8BC9-6AFA-411B632E3E9A}.Debug|Any CPU.ActiveCfg = Debug|Any CPU
		{EE2C69CE-F875-8BC9-6AFA-411B632E3E9A}.Debug|Any CPU.Build.0 = Debug|Any CPU
		{EE2C69CE-F875-8BC9-6AFA-411B632E3E9A}.Release|Any CPU.ActiveCfg = Release|Any CPU
		{EE2C69CE-F875-8BC9-6AFA-411B632E3E9A}.Release|Any CPU.Build.0 = Release|Any CPU
	EndGlobalSection
	GlobalSection(SolutionProperties) = preSolution
		HideSolutionNode = FALSE
	EndGlobalSection
													GlobalSection(MonoDevelopProperties) = preSolution
		StartupItem = Assembly-CSharp.csproj
		Policies = $0
		$0.TextStylePolicy = $1
		$1.inheritsSet = null
		$1.scope = text/x-csharp
		$0.CSharpFormattingPolicy = $2
		$2.inheritsSet = Mono
		$2.inheritsScope = text/x-csharp
		$2.scope = text/x-csharp
		$0.TextStylePolicy = $3
		$3.FileWidth = 120
		$3.TabWidth = 4
		$3.IndentWidth = 4
		$3.EolMarker = Unix
		$3.inheritsSet = Mono
		$3.inheritsScope = text/plain
		$3.scope = text/plain
	EndGlobalSection

EndGlobal
